
Microsoft Visual Studio Solution File, Format Version 11.00
# Visual Studio 2010
Project("{FAE04EC0-301F-11D3-BF4B-00C04F79EFBC}") = "Juntos.Model", "Model\Juntos.Model.csproj", "{B1E0C843-EEB5-47FD-B3C9-8EE587EC4205}"
EndProject
Project("{FAE04EC0-301F-11D3-BF4B-00C04F79EFBC}") = "Juntos.IRepository", "IRepository\Juntos.IRepository.csproj", "{BC248CDA-587D-4DF5-9FB0-7D41B8B5FDCC}"
EndProject
Project("{FAE04EC0-301F-11D3-BF4B-00C04F79EFBC}") = "Juntos.IDAL", "IDAL\Juntos.IDAL.csproj", "{9A7FAC96-74EA-432A-93E7-33FE1563B5A3}"
EndProject
Project("{FAE04EC0-301F-11D3-BF4B-00C04F79EFBC}") = "Juntos.DAL.Provider.EntityFramework", "DAL\Provider\EntityFramework\Juntos.DAL.Provider.EntityFramework.csproj", "{E6AA5350-51F4-444C-8F4B-81CEE9300152}"
EndProject
Project("{FAE04EC0-301F-11D3-BF4B-00C04F79EFBC}") = "Juntos.Repository", "Repository\Juntos.Repository.csproj", "{F065FA50-705B-4EF1-A4BA-3EC59C7ED9C9}"
EndProject
Project("{FAE04EC0-301F-11D3-BF4B-00C04F79EFBC}") = "Juntos.IService", "IService\Juntos.IService.csproj", "{DCE9F905-B8F9-43D8-9A04-2BA073946FC7}"
EndProject
Project("{FAE04EC0-301F-11D3-BF4B-00C04F79EFBC}") = "Juntos.Service", "Service\Juntos.Service.csproj", "{53A72DBB-9341-4391-AABB-6BB913E56DF9}"
EndProject
Project("{FAE04EC0-301F-11D3-BF4B-00C04F79EFBC}") = "Framework", "Framework\Framework.csproj", "{561F133F-D269-4E2E-A692-56916C87C2FE}"
EndProject
Project("{2150E333-8FDC-42A3-9474-1A3956D46DE8}") = "Aplicacao", "Aplicacao", "{A187938B-A5C5-4254-AF1E-B6683587AB72}"
EndProject
Project("{2150E333-8FDC-42A3-9474-1A3956D46DE8}") = "Arquitetura", "Arquitetura", "{D9F8B25A-C810-46CF-B9C5-93A2BD3D7519}"
EndProject
Project("{2150E333-8FDC-42A3-9474-1A3956D46DE8}") = "Infraestrutura", "Infraestrutura", "{1B80AD2F-FB8F-443A-A98F-3483E564B771}"
EndProject
Project("{2150E333-8FDC-42A3-9474-1A3956D46DE8}") = "Dominio", "Dominio", "{4673A362-ADE1-459E-B437-29B176384A2B}"
EndProject
Project("{2150E333-8FDC-42A3-9474-1A3956D46DE8}") = "Apresentacao", "Apresentacao", "{FD1BD8A3-D5C4-4707-90DB-14DBD9F5DBDC}"
EndProject
Project("{FAE04EC0-301F-11D3-BF4B-00C04F79EFBC}") = "Juntos.MvcJuntos", "Apresentacao\Juntos.MvcJuntos\Juntos.MvcJuntos.csproj", "{D713377D-5ABF-4D8D-A8DE-81AB9ABDA75F}"
EndProject
Project("{FAE04EC0-301F-11D3-BF4B-00C04F79EFBC}") = "Juntos.aplicacao.GestorPagamento", "PagamentoService\juntos.PagamentoService\Juntos.aplicacao.GestorPagamento.csproj", "{B63B3242-FE75-4C91-B442-E243C82162AA}"
EndProject
Project("{FAE04EC0-301F-11D3-BF4B-00C04F79EFBC}") = "Juntos.aplicacao.Services", "Juntos.aplicacao.Services\Juntos.aplicacao.Services.csproj", "{8884FB36-D15C-421D-8D0F-02FB24C87DC1}"
	ProjectSection(ProjectDependencies) = postProject
		{B63B3242-FE75-4C91-B442-E243C82162AA} = {B63B3242-FE75-4C91-B442-E243C82162AA}
	EndProjectSection
EndProject
Project("{FAE04EC0-301F-11D3-BF4B-00C04F79EFBC}") = "Juntos.WcfServiceApp", "WcfServiceApp\Juntos.WcfServiceApp.csproj", "{DF7502AA-0EFF-4431-A2AA-282FA4F6834C}"
	ProjectSection(ProjectDependencies) = postProject
		{B63B3242-FE75-4C91-B442-E243C82162AA} = {B63B3242-FE75-4C91-B442-E243C82162AA}
		{4F380775-CF13-4338-9B33-49772700D885} = {4F380775-CF13-4338-9B33-49772700D885}
	EndProjectSection
EndProject
Project("{FAE04EC0-301F-11D3-BF4B-00C04F79EFBC}") = "WCFPagamentoService", "WCFPagamentoService\WCFPagamentoService.csproj", "{4F380775-CF13-4338-9B33-49772700D885}"
EndProject
Project("{FAE04EC0-301F-11D3-BF4B-00C04F79EFBC}") = "Juntos.Apresentacao.ConsoleTest", "Juntos.Apresentacao.ConsoleTest\Juntos.Apresentacao.ConsoleTest.csproj", "{EE0B9B4F-D7BC-4D86-B6D9-3F9B033B06F7}"
	ProjectSection(ProjectDependencies) = postProject
		{DF7502AA-0EFF-4431-A2AA-282FA4F6834C} = {DF7502AA-0EFF-4431-A2AA-282FA4F6834C}
	EndProjectSection
EndProject
Project("{FAE04EC0-301F-11D3-BF4B-00C04F79EFBC}") = "juntos.aplicacao.wsPagamentoClient", "juntos.aplicacao.wsPagamentoClient\juntos.aplicacao.wsPagamentoClient.csproj", "{C85A833F-4A2B-472D-8668-2AE13B25A8FE}"
	ProjectSection(ProjectDependencies) = postProject
		{B63B3242-FE75-4C91-B442-E243C82162AA} = {B63B3242-FE75-4C91-B442-E243C82162AA}
	EndProjectSection
EndProject
Project("{FAE04EC0-301F-11D3-BF4B-00C04F79EFBC}") = "PessoaConsoleTest", "ConsoleApplication1\PessoaConsoleTest.csproj", "{FC14ABA6-46EE-439E-B010-5D6123D022F3}"
	ProjectSection(ProjectDependencies) = postProject
		{DF7502AA-0EFF-4431-A2AA-282FA4F6834C} = {DF7502AA-0EFF-4431-A2AA-282FA4F6834C}
	EndProjectSection
EndProject
Project("{FAE04EC0-301F-11D3-BF4B-00C04F79EFBC}") = "OfertaConsoleTest", "OfertaConsoleTest\OfertaConsoleTest.csproj", "{61BA6B91-A957-4744-8A7F-2439BA060D26}"
	ProjectSection(ProjectDependencies) = postProject
		{DF7502AA-0EFF-4431-A2AA-282FA4F6834C} = {DF7502AA-0EFF-4431-A2AA-282FA4F6834C}
	EndProjectSection
EndProject
Global
	GlobalSection(SolutionConfigurationPlatforms) = preSolution
		Debug|Any CPU = Debug|Any CPU
		Debug|Mixed Platforms = Debug|Mixed Platforms
		Debug|x86 = Debug|x86
		Release|Any CPU = Release|Any CPU
		Release|Mixed Platforms = Release|Mixed Platforms
		Release|x86 = Release|x86
	EndGlobalSection
	GlobalSection(ProjectConfigurationPlatforms) = postSolution
		{B1E0C843-EEB5-47FD-B3C9-8EE587EC4205}.Debug|Any CPU.ActiveCfg = Debug|Any CPU
		{B1E0C843-EEB5-47FD-B3C9-8EE587EC4205}.Debug|Any CPU.Build.0 = Debug|Any CPU
		{B1E0C843-EEB5-47FD-B3C9-8EE587EC4205}.Debug|Mixed Platforms.ActiveCfg = Debug|Any CPU
		{B1E0C843-EEB5-47FD-B3C9-8EE587EC4205}.Debug|Mixed Platforms.Build.0 = Debug|Any CPU
		{B1E0C843-EEB5-47FD-B3C9-8EE587EC4205}.Debug|x86.ActiveCfg = Debug|Any CPU
		{B1E0C843-EEB5-47FD-B3C9-8EE587EC4205}.Release|Any CPU.ActiveCfg = Release|Any CPU
		{B1E0C843-EEB5-47FD-B3C9-8EE587EC4205}.Release|Any CPU.Build.0 = Release|Any CPU
		{B1E0C843-EEB5-47FD-B3C9-8EE587EC4205}.Release|Mixed Platforms.ActiveCfg = Release|Any CPU
		{B1E0C843-EEB5-47FD-B3C9-8EE587EC4205}.Release|Mixed Platforms.Build.0 = Release|Any CPU
		{B1E0C843-EEB5-47FD-B3C9-8EE587EC4205}.Release|x86.ActiveCfg = Release|Any CPU
		{BC248CDA-587D-4DF5-9FB0-7D41B8B5FDCC}.Debug|Any CPU.ActiveCfg = Debug|Any CPU
		{BC248CDA-587D-4DF5-9FB0-7D41B8B5FDCC}.Debug|Any CPU.Build.0 = Debug|Any CPU
		{BC248CDA-587D-4DF5-9FB0-7D41B8B5FDCC}.Debug|Mixed Platforms.ActiveCfg = Debug|Any CPU
		{BC248CDA-587D-4DF5-9FB0-7D41B8B5FDCC}.Debug|Mixed Platforms.Build.0 = Debug|Any CPU
		{BC248CDA-587D-4DF5-9FB0-7D41B8B5FDCC}.Debug|x86.ActiveCfg = Debug|Any CPU
		{BC248CDA-587D-4DF5-9FB0-7D41B8B5FDCC}.Release|Any CPU.ActiveCfg = Release|Any CPU
		{BC248CDA-587D-4DF5-9FB0-7D41B8B5FDCC}.Release|Any CPU.Build.0 = Release|Any CPU
		{BC248CDA-587D-4DF5-9FB0-7D41B8B5FDCC}.Release|Mixed Platforms.ActiveCfg = Release|Any CPU
		{BC248CDA-587D-4DF5-9FB0-7D41B8B5FDCC}.Release|Mixed Platforms.Build.0 = Release|Any CPU
		{BC248CDA-587D-4DF5-9FB0-7D41B8B5FDCC}.Release|x86.ActiveCfg = Release|Any CPU
		{9A7FAC96-74EA-432A-93E7-33FE1563B5A3}.Debug|Any CPU.ActiveCfg = Debug|Any CPU
		{9A7FAC96-74EA-432A-93E7-33FE1563B5A3}.Debug|Any CPU.Build.0 = Debug|Any CPU
		{9A7FAC96-74EA-432A-93E7-33FE1563B5A3}.Debug|Mixed Platforms.ActiveCfg = Debug|Any CPU
		{9A7FAC96-74EA-432A-93E7-33FE1563B5A3}.Debug|Mixed Platforms.Build.0 = Debug|Any CPU
		{9A7FAC96-74EA-432A-93E7-33FE1563B5A3}.Debug|x86.ActiveCfg = Debug|Any CPU
		{9A7FAC96-74EA-432A-93E7-33FE1563B5A3}.Release|Any CPU.ActiveCfg = Release|Any CPU
		{9A7FAC96-74EA-432A-93E7-33FE1563B5A3}.Release|Any CPU.Build.0 = Release|Any CPU
		{9A7FAC96-74EA-432A-93E7-33FE1563B5A3}.Release|Mixed Platforms.ActiveCfg = Release|Any CPU
		{9A7FAC96-74EA-432A-93E7-33FE1563B5A3}.Release|Mixed Platforms.Build.0 = Release|Any CPU
		{9A7FAC96-74EA-432A-93E7-33FE1563B5A3}.Release|x86.ActiveCfg = Release|Any CPU
		{E6AA5350-51F4-444C-8F4B-81CEE9300152}.Debug|Any CPU.ActiveCfg = Debug|Any CPU
		{E6AA5350-51F4-444C-8F4B-81CEE9300152}.Debug|Any CPU.Build.0 = Debug|Any CPU
		{E6AA5350-51F4-444C-8F4B-81CEE9300152}.Debug|Mixed Platforms.ActiveCfg = Debug|Any CPU
		{E6AA5350-51F4-444C-8F4B-81CEE9300152}.Debug|Mixed Platforms.Build.0 = Debug|Any CPU
		{E6AA5350-51F4-444C-8F4B-81CEE9300152}.Debug|x86.ActiveCfg = Debug|Any CPU
		{E6AA5350-51F4-444C-8F4B-81CEE9300152}.Release|Any CPU.ActiveCfg = Release|Any CPU
		{E6AA5350-51F4-444C-8F4B-81CEE9300152}.Release|Any CPU.Build.0 = Release|Any CPU
		{E6AA5350-51F4-444C-8F4B-81CEE9300152}.Release|Mixed Platforms.ActiveCfg = Release|Any CPU
		{E6AA5350-51F4-444C-8F4B-81CEE9300152}.Release|Mixed Platforms.Build.0 = Release|Any CPU
		{E6AA5350-51F4-444C-8F4B-81CEE9300152}.Release|x86.ActiveCfg = Release|Any CPU
		{F065FA50-705B-4EF1-A4BA-3EC59C7ED9C9}.Debug|Any CPU.ActiveCfg = Debug|Any CPU
		{F065FA50-705B-4EF1-A4BA-3EC59C7ED9C9}.Debug|Any CPU.Build.0 = Debug|Any CPU
		{F065FA50-705B-4EF1-A4BA-3EC59C7ED9C9}.Debug|Mixed Platforms.ActiveCfg = Debug|Any CPU
		{F065FA50-705B-4EF1-A4BA-3EC59C7ED9C9}.Debug|Mixed Platforms.Build.0 = Debug|Any CPU
		{F065FA50-705B-4EF1-A4BA-3EC59C7ED9C9}.Debug|x86.ActiveCfg = Debug|Any CPU
		{F065FA50-705B-4EF1-A4BA-3EC59C7ED9C9}.Release|Any CPU.ActiveCfg = Release|Any CPU
		{F065FA50-705B-4EF1-A4BA-3EC59C7ED9C9}.Release|Any CPU.Build.0 = Release|Any CPU
		{F065FA50-705B-4EF1-A4BA-3EC59C7ED9C9}.Release|Mixed Platforms.ActiveCfg = Release|Any CPU
		{F065FA50-705B-4EF1-A4BA-3EC59C7ED9C9}.Release|Mixed Platforms.Build.0 = Release|Any CPU
		{F065FA50-705B-4EF1-A4BA-3EC59C7ED9C9}.Release|x86.ActiveCfg = Release|Any CPU
		{DCE9F905-B8F9-43D8-9A04-2BA073946FC7}.Debug|Any CPU.ActiveCfg = Debug|Any CPU
		{DCE9F905-B8F9-43D8-9A04-2BA073946FC7}.Debug|Any CPU.Build.0 = Debug|Any CPU
		{DCE9F905-B8F9-43D8-9A04-2BA073946FC7}.Debug|Mixed Platforms.ActiveCfg = Debug|Any CPU
		{DCE9F905-B8F9-43D8-9A04-2BA073946FC7}.Debug|Mixed Platforms.Build.0 = Debug|Any CPU
		{DCE9F905-B8F9-43D8-9A04-2BA073946FC7}.Debug|x86.ActiveCfg = Debug|Any CPU
		{DCE9F905-B8F9-43D8-9A04-2BA073946FC7}.Release|Any CPU.ActiveCfg = Release|Any CPU
		{DCE9F905-B8F9-43D8-9A04-2BA073946FC7}.Release|Any CPU.Build.0 = Release|Any CPU
		{DCE9F905-B8F9-43D8-9A04-2BA073946FC7}.Release|Mixed Platforms.ActiveCfg = Release|Any CPU
		{DCE9F905-B8F9-43D8-9A04-2BA073946FC7}.Release|Mixed Platforms.Build.0 = Release|Any CPU
		{DCE9F905-B8F9-43D8-9A04-2BA073946FC7}.Release|x86.ActiveCfg = Release|Any CPU
		{53A72DBB-9341-4391-AABB-6BB913E56DF9}.Debug|Any CPU.ActiveCfg = Debug|Any CPU
		{53A72DBB-9341-4391-AABB-6BB913E56DF9}.Debug|Any CPU.Build.0 = Debug|Any CPU
		{53A72DBB-9341-4391-AABB-6BB913E56DF9}.Debug|Mixed Platforms.ActiveCfg = Debug|Any CPU
		{53A72DBB-9341-4391-AABB-6BB913E56DF9}.Debug|Mixed Platforms.Build.0 = Debug|Any CPU
		{53A72DBB-9341-4391-AABB-6BB913E56DF9}.Debug|x86.ActiveCfg = Debug|Any CPU
		{53A72DBB-9341-4391-AABB-6BB913E56DF9}.Release|Any CPU.ActiveCfg = Release|Any CPU
		{53A72DBB-9341-4391-AABB-6BB913E56DF9}.Release|Any CPU.Build.0 = Release|Any CPU
		{53A72DBB-9341-4391-AABB-6BB913E56DF9}.Release|Mixed Platforms.ActiveCfg = Release|Any CPU
		{53A72DBB-9341-4391-AABB-6BB913E56DF9}.Release|Mixed Platforms.Build.0 = Release|Any CPU
		{53A72DBB-9341-4391-AABB-6BB913E56DF9}.Release|x86.ActiveCfg = Release|Any CPU
		{561F133F-D269-4E2E-A692-56916C87C2FE}.Debug|Any CPU.ActiveCfg = Debug|Any CPU
		{561F133F-D269-4E2E-A692-56916C87C2FE}.Debug|Any CPU.Build.0 = Debug|Any CPU
		{561F133F-D269-4E2E-A692-56916C87C2FE}.Debug|Mixed Platforms.ActiveCfg = Debug|Any CPU
		{561F133F-D269-4E2E-A692-56916C87C2FE}.Debug|Mixed Platforms.Build.0 = Debug|Any CPU
		{561F133F-D269-4E2E-A692-56916C87C2FE}.Debug|x86.ActiveCfg = Debug|Any CPU
		{561F133F-D269-4E2E-A692-56916C87C2FE}.Release|Any CPU.ActiveCfg = Release|Any CPU
		{561F133F-D269-4E2E-A692-56916C87C2FE}.Release|Any CPU.Build.0 = Release|Any CPU
		{561F133F-D269-4E2E-A692-56916C87C2FE}.Release|Mixed Platforms.ActiveCfg = Release|Any CPU
		{561F133F-D269-4E2E-A692-56916C87C2FE}.Release|Mixed Platforms.Build.0 = Release|Any CPU
		{561F133F-D269-4E2E-A692-56916C87C2FE}.Release|x86.ActiveCfg = Release|Any CPU
		{D713377D-5ABF-4D8D-A8DE-81AB9ABDA75F}.Debug|Any CPU.ActiveCfg = Debug|Any CPU
		{D713377D-5ABF-4D8D-A8DE-81AB9ABDA75F}.Debug|Any CPU.Build.0 = Debug|Any CPU
		{D713377D-5ABF-4D8D-A8DE-81AB9ABDA75F}.Debug|Mixed Platforms.ActiveCfg = Debug|Any CPU
		{D713377D-5ABF-4D8D-A8DE-81AB9ABDA75F}.Debug|Mixed Platforms.Build.0 = Debug|Any CPU
		{D713377D-5ABF-4D8D-A8DE-81AB9ABDA75F}.Debug|x86.ActiveCfg = Debug|Any CPU
		{D713377D-5ABF-4D8D-A8DE-81AB9ABDA75F}.Release|Any CPU.ActiveCfg = Release|Any CPU
		{D713377D-5ABF-4D8D-A8DE-81AB9ABDA75F}.Release|Any CPU.Build.0 = Release|Any CPU
		{D713377D-5ABF-4D8D-A8DE-81AB9ABDA75F}.Release|Mixed Platforms.ActiveCfg = Release|Any CPU
		{D713377D-5ABF-4D8D-A8DE-81AB9ABDA75F}.Release|Mixed Platforms.Build.0 = Release|Any CPU
		{D713377D-5ABF-4D8D-A8DE-81AB9ABDA75F}.Release|x86.ActiveCfg = Release|Any CPU
		{B63B3242-FE75-4C91-B442-E243C82162AA}.Debug|Any CPU.ActiveCfg = Debug|Any CPU
		{B63B3242-FE75-4C91-B442-E243C82162AA}.Debug|Any CPU.Build.0 = Debug|Any CPU
		{B63B3242-FE75-4C91-B442-E243C82162AA}.Debug|Mixed Platforms.ActiveCfg = Debug|Any CPU
		{B63B3242-FE75-4C91-B442-E243C82162AA}.Debug|Mixed Platforms.Build.0 = Debug|Any CPU
		{B63B3242-FE75-4C91-B442-E243C82162AA}.Debug|x86.ActiveCfg = Debug|Any CPU
		{B63B3242-FE75-4C91-B442-E243C82162AA}.Release|Any CPU.ActiveCfg = Release|Any CPU
		{B63B3242-FE75-4C91-B442-E243C82162AA}.Release|Any CPU.Build.0 = Release|Any CPU
		{B63B3242-FE75-4C91-B442-E243C82162AA}.Release|Mixed Platforms.ActiveCfg = Release|Any CPU
		{B63B3242-FE75-4C91-B442-E243C82162AA}.Release|Mixed Platforms.Build.0 = Release|Any CPU
		{B63B3242-FE75-4C91-B442-E243C82162AA}.Release|x86.ActiveCfg = Release|Any CPU
		{8884FB36-D15C-421D-8D0F-02FB24C87DC1}.Debug|Any CPU.ActiveCfg = Debug|Any CPU
		{8884FB36-D15C-421D-8D0F-02FB24C87DC1}.Debug|Any CPU.Build.0 = Debug|Any CPU
		{8884FB36-D15C-421D-8D0F-02FB24C87DC1}.Debug|Mixed Platforms.ActiveCfg = Debug|Any CPU
		{8884FB36-D15C-421D-8D0F-02FB24C87DC1}.Debug|Mixed Platforms.Build.0 = Debug|Any CPU
		{8884FB36-D15C-421D-8D0F-02FB24C87DC1}.Debug|x86.ActiveCfg = Debug|Any CPU
		{8884FB36-D15C-421D-8D0F-02FB24C87DC1}.Release|Any CPU.ActiveCfg = Release|Any CPU
		{8884FB36-D15C-421D-8D0F-02FB24C87DC1}.Release|Any CPU.Build.0 = Release|Any CPU
		{8884FB36-D15C-421D-8D0F-02FB24C87DC1}.Release|Mixed Platforms.ActiveCfg = Release|Any CPU
		{8884FB36-D15C-421D-8D0F-02FB24C87DC1}.Release|Mixed Platforms.Build.0 = Release|Any CPU
		{8884FB36-D15C-421D-8D0F-02FB24C87DC1}.Release|x86.ActiveCfg = Release|Any CPU
		{DF7502AA-0EFF-4431-A2AA-282FA4F6834C}.Debug|Any CPU.ActiveCfg = Debug|Any CPU
		{DF7502AA-0EFF-4431-A2AA-282FA4F6834C}.Debug|Any CPU.Build.0 = Debug|Any CPU
		{DF7502AA-0EFF-4431-A2AA-282FA4F6834C}.Debug|Mixed Platforms.ActiveCfg = Debug|Any CPU
		{DF7502AA-0EFF-4431-A2AA-282FA4F6834C}.Debug|Mixed Platforms.Build.0 = Debug|Any CPU
		{DF7502AA-0EFF-4431-A2AA-282FA4F6834C}.Debug|x86.ActiveCfg = Debug|Any CPU
		{DF7502AA-0EFF-4431-A2AA-282FA4F6834C}.Release|Any CPU.ActiveCfg = Release|Any CPU
		{DF7502AA-0EFF-4431-A2AA-282FA4F6834C}.Release|Any CPU.Build.0 = Release|Any CPU
		{DF7502AA-0EFF-4431-A2AA-282FA4F6834C}.Release|Mixed Platforms.ActiveCfg = Release|Any CPU
		{DF7502AA-0EFF-4431-A2AA-282FA4F6834C}.Release|Mixed Platforms.Build.0 = Release|Any CPU
		{DF7502AA-0EFF-4431-A2AA-282FA4F6834C}.Release|x86.ActiveCfg = Release|Any CPU
		{4F380775-CF13-4338-9B33-49772700D885}.Debug|Any CPU.ActiveCfg = Debug|Any CPU
		{4F380775-CF13-4338-9B33-49772700D885}.Debug|Any CPU.Build.0 = Debug|Any CPU
		{4F380775-CF13-4338-9B33-49772700D885}.Debug|Mixed Platforms.ActiveCfg = Debug|Any CPU
		{4F380775-CF13-4338-9B33-49772700D885}.Debug|Mixed Platforms.Build.0 = Debug|Any CPU
		{4F380775-CF13-4338-9B33-49772700D885}.Debug|x86.ActiveCfg = Debug|Any CPU
		{4F380775-CF13-4338-9B33-49772700D885}.Release|Any CPU.ActiveCfg = Release|Any CPU
		{4F380775-CF13-4338-9B33-49772700D885}.Release|Any CPU.Build.0 = Release|Any CPU
		{4F380775-CF13-4338-9B33-49772700D885}.Release|Mixed Platforms.ActiveCfg = Release|Any CPU
		{4F380775-CF13-4338-9B33-49772700D885}.Release|Mixed Platforms.Build.0 = Release|Any CPU
		{4F380775-CF13-4338-9B33-49772700D885}.Release|x86.ActiveCfg = Release|Any CPU
		{EE0B9B4F-D7BC-4D86-B6D9-3F9B033B06F7}.Debug|Any CPU.ActiveCfg = Debug|x86
		{EE0B9B4F-D7BC-4D86-B6D9-3F9B033B06F7}.Debug|Mixed Platforms.ActiveCfg = Debug|x86
		{EE0B9B4F-D7BC-4D86-B6D9-3F9B033B06F7}.Debug|Mixed Platforms.Build.0 = Debug|x86
		{EE0B9B4F-D7BC-4D86-B6D9-3F9B033B06F7}.Debug|x86.ActiveCfg = Debug|x86
		{EE0B9B4F-D7BC-4D86-B6D9-3F9B033B06F7}.Debug|x86.Build.0 = Debug|x86
		{EE0B9B4F-D7BC-4D86-B6D9-3F9B033B06F7}.Release|Any CPU.ActiveCfg = Release|x86
		{EE0B9B4F-D7BC-4D86-B6D9-3F9B033B06F7}.Release|Mixed Platforms.ActiveCfg = Release|x86
		{EE0B9B4F-D7BC-4D86-B6D9-3F9B033B06F7}.Release|Mixed Platforms.Build.0 = Release|x86
		{EE0B9B4F-D7BC-4D86-B6D9-3F9B033B06F7}.Release|x86.ActiveCfg = Release|x86
		{EE0B9B4F-D7BC-4D86-B6D9-3F9B033B06F7}.Release|x86.Build.0 = Release|x86
		{C85A833F-4A2B-472D-8668-2AE13B25A8FE}.Debug|Any CPU.ActiveCfg = Debug|x86
		{C85A833F-4A2B-472D-8668-2AE13B25A8FE}.Debug|Mixed Platforms.ActiveCfg = Debug|x86
		{C85A833F-4A2B-472D-8668-2AE13B25A8FE}.Debug|Mixed Platforms.Build.0 = Debug|x86
		{C85A833F-4A2B-472D-8668-2AE13B25A8FE}.Debug|x86.ActiveCfg = Debug|x86
		{C85A833F-4A2B-472D-8668-2AE13B25A8FE}.Debug|x86.Build.0 = Debug|x86
		{C85A833F-4A2B-472D-8668-2AE13B25A8FE}.Release|Any CPU.ActiveCfg = Release|x86
		{C85A833F-4A2B-472D-8668-2AE13B25A8FE}.Release|Mixed Platforms.ActiveCfg = Release|x86
		{C85A833F-4A2B-472D-8668-2AE13B25A8FE}.Release|Mixed Platforms.Build.0 = Release|x86
		{C85A833F-4A2B-472D-8668-2AE13B25A8FE}.Release|x86.ActiveCfg = Release|x86
		{C85A833F-4A2B-472D-8668-2AE13B25A8FE}.Release|x86.Build.0 = Release|x86
		{FC14ABA6-46EE-439E-B010-5D6123D022F3}.Debug|Any CPU.ActiveCfg = Debug|x86
		{FC14ABA6-46EE-439E-B010-5D6123D022F3}.Debug|Mixed Platforms.ActiveCfg = Debug|x86
		{FC14ABA6-46EE-439E-B010-5D6123D022F3}.Debug|Mixed Platforms.Build.0 = Debug|x86
		{FC14ABA6-46EE-439E-B010-5D6123D022F3}.Debug|x86.ActiveCfg = Debug|x86
		{FC14ABA6-46EE-439E-B010-5D6123D022F3}.Debug|x86.Build.0 = Debug|x86
		{FC14ABA6-46EE-439E-B010-5D6123D022F3}.Release|Any CPU.ActiveCfg = Release|x86
		{FC14ABA6-46EE-439E-B010-5D6123D022F3}.Release|Mixed Platforms.ActiveCfg = Release|x86
		{FC14ABA6-46EE-439E-B010-5D6123D022F3}.Release|Mixed Platforms.Build.0 = Release|x86
		{FC14ABA6-46EE-439E-B010-5D6123D022F3}.Release|x86.ActiveCfg = Release|x86
		{FC14ABA6-46EE-439E-B010-5D6123D022F3}.Release|x86.Build.0 = Release|x86
		{61BA6B91-A957-4744-8A7F-2439BA060D26}.Debug|Any CPU.ActiveCfg = Debug|x86
		{61BA6B91-A957-4744-8A7F-2439BA060D26}.Debug|Mixed Platforms.ActiveCfg = Debug|x86
		{61BA6B91-A957-4744-8A7F-2439BA060D26}.Debug|Mixed Platforms.Build.0 = Debug|x86
		{61BA6B91-A957-4744-8A7F-2439BA060D26}.Debug|x86.ActiveCfg = Debug|x86
		{61BA6B91-A957-4744-8A7F-2439BA060D26}.Debug|x86.Build.0 = Debug|x86
		{61BA6B91-A957-4744-8A7F-2439BA060D26}.Release|Any CPU.ActiveCfg = Release|x86
		{61BA6B91-A957-4744-8A7F-2439BA060D26}.Release|Mixed Platforms.ActiveCfg = Release|x86
		{61BA6B91-A957-4744-8A7F-2439BA060D26}.Release|Mixed Platforms.Build.0 = Release|x86
		{61BA6B91-A957-4744-8A7F-2439BA060D26}.Release|x86.ActiveCfg = Release|x86
		{61BA6B91-A957-4744-8A7F-2439BA060D26}.Release|x86.Build.0 = Release|x86
	EndGlobalSection
	GlobalSection(SolutionProperties) = preSolution
		HideSolutionNode = FALSE
	EndGlobalSection
	GlobalSection(NestedProjects) = preSolution
		{BC248CDA-587D-4DF5-9FB0-7D41B8B5FDCC} = {4673A362-ADE1-459E-B437-29B176384A2B}
		{F065FA50-705B-4EF1-A4BA-3EC59C7ED9C9} = {4673A362-ADE1-459E-B437-29B176384A2B}
		{DCE9F905-B8F9-43D8-9A04-2BA073946FC7} = {4673A362-ADE1-459E-B437-29B176384A2B}
		{53A72DBB-9341-4391-AABB-6BB913E56DF9} = {4673A362-ADE1-459E-B437-29B176384A2B}
		{B1E0C843-EEB5-47FD-B3C9-8EE587EC4205} = {4673A362-ADE1-459E-B437-29B176384A2B}
		{E6AA5350-51F4-444C-8F4B-81CEE9300152} = {1B80AD2F-FB8F-443A-A98F-3483E564B771}
		{9A7FAC96-74EA-432A-93E7-33FE1563B5A3} = {1B80AD2F-FB8F-443A-A98F-3483E564B771}
		{B63B3242-FE75-4C91-B442-E243C82162AA} = {1B80AD2F-FB8F-443A-A98F-3483E564B771}
		{4F380775-CF13-4338-9B33-49772700D885} = {1B80AD2F-FB8F-443A-A98F-3483E564B771}
		{561F133F-D269-4E2E-A692-56916C87C2FE} = {D9F8B25A-C810-46CF-B9C5-93A2BD3D7519}
		{8884FB36-D15C-421D-8D0F-02FB24C87DC1} = {A187938B-A5C5-4254-AF1E-B6683587AB72}
		{DF7502AA-0EFF-4431-A2AA-282FA4F6834C} = {A187938B-A5C5-4254-AF1E-B6683587AB72}
		{D713377D-5ABF-4D8D-A8DE-81AB9ABDA75F} = {FD1BD8A3-D5C4-4707-90DB-14DBD9F5DBDC}
		{EE0B9B4F-D7BC-4D86-B6D9-3F9B033B06F7} = {FD1BD8A3-D5C4-4707-90DB-14DBD9F5DBDC}
		{C85A833F-4A2B-472D-8668-2AE13B25A8FE} = {FD1BD8A3-D5C4-4707-90DB-14DBD9F5DBDC}
		{FC14ABA6-46EE-439E-B010-5D6123D022F3} = {FD1BD8A3-D5C4-4707-90DB-14DBD9F5DBDC}
		{61BA6B91-A957-4744-8A7F-2439BA060D26} = {FD1BD8A3-D5C4-4707-90DB-14DBD9F5DBDC}
	EndGlobalSection
EndGlobal
