
Microsoft Visual Studio Solution File, Format Version 11.00
# Visual Studio 2010
Project("{FAE04EC0-301F-11D3-BF4B-00C04F79EFBC}") = "Juntos.Model", "Juntos.Model\Juntos.Model.csproj", "{94F3DA3D-A2DB-4ED6-9C14-913BB7693501}"
EndProject
Project("{FAE04EC0-301F-11D3-BF4B-00C04F79EFBC}") = "Juntos.IModel", "IModel\Juntos.IModel.csproj", "{F304679B-D88F-47C4-847A-A1BBBC5C2DB1}"
EndProject
Project("{2150E333-8FDC-42A3-9474-1A3956D46DE8}") = "Interfaces", "Interfaces", "{389B1709-C73B-414B-9913-258819024B76}"
EndProject
Project("{2150E333-8FDC-42A3-9474-1A3956D46DE8}") = "Domínio", "Domínio", "{7EE71E4D-6E3A-41A4-8BFA-C97315083DC4}"
EndProject
Project("{2150E333-8FDC-42A3-9474-1A3956D46DE8}") = "Infraestrutura", "Infraestrutura", "{7E2E75B9-4363-4105-AD1C-ECAA3780D37B}"
EndProject
Project("{FAE04EC0-301F-11D3-BF4B-00C04F79EFBC}") = "Juntos.IRepository", "IRepository\Juntos.IRepository.csproj", "{DCB7F722-A469-4AC2-9179-C1F190442B1D}"
EndProject
Project("{FAE04EC0-301F-11D3-BF4B-00C04F79EFBC}") = "Juntos.IDAL", "IDAL\Juntos.IDAL.csproj", "{7DF22C47-A576-4F2B-BBB1-5C8491130614}"
EndProject
Project("{2150E333-8FDC-42A3-9474-1A3956D46DE8}") = "Aplicação", "Aplicação", "{9F0BF03A-F4FE-42BF-A93C-BE9B4F24AC0F}"
EndProject
Project("{2150E333-8FDC-42A3-9474-1A3956D46DE8}") = "Classes", "Classes", "{9478E941-AD55-44CD-9BFE-DC982F79AFDC}"
EndProject
Global
	GlobalSection(SolutionConfigurationPlatforms) = preSolution
		Debug|Any CPU = Debug|Any CPU
		Release|Any CPU = Release|Any CPU
	EndGlobalSection
	GlobalSection(ProjectConfigurationPlatforms) = postSolution
		{94F3DA3D-A2DB-4ED6-9C14-913BB7693501}.Debug|Any CPU.ActiveCfg = Debug|Any CPU
		{94F3DA3D-A2DB-4ED6-9C14-913BB7693501}.Debug|Any CPU.Build.0 = Debug|Any CPU
		{94F3DA3D-A2DB-4ED6-9C14-913BB7693501}.Release|Any CPU.ActiveCfg = Release|Any CPU
		{94F3DA3D-A2DB-4ED6-9C14-913BB7693501}.Release|Any CPU.Build.0 = Release|Any CPU
		{F304679B-D88F-47C4-847A-A1BBBC5C2DB1}.Debug|Any CPU.ActiveCfg = Debug|Any CPU
		{F304679B-D88F-47C4-847A-A1BBBC5C2DB1}.Debug|Any CPU.Build.0 = Debug|Any CPU
		{F304679B-D88F-47C4-847A-A1BBBC5C2DB1}.Release|Any CPU.ActiveCfg = Release|Any CPU
		{F304679B-D88F-47C4-847A-A1BBBC5C2DB1}.Release|Any CPU.Build.0 = Release|Any CPU
		{DCB7F722-A469-4AC2-9179-C1F190442B1D}.Debug|Any CPU.ActiveCfg = Debug|Any CPU
		{DCB7F722-A469-4AC2-9179-C1F190442B1D}.Debug|Any CPU.Build.0 = Debug|Any CPU
		{DCB7F722-A469-4AC2-9179-C1F190442B1D}.Release|Any CPU.ActiveCfg = Release|Any CPU
		{DCB7F722-A469-4AC2-9179-C1F190442B1D}.Release|Any CPU.Build.0 = Release|Any CPU
		{7DF22C47-A576-4F2B-BBB1-5C8491130614}.Debug|Any CPU.ActiveCfg = Debug|Any CPU
		{7DF22C47-A576-4F2B-BBB1-5C8491130614}.Debug|Any CPU.Build.0 = Debug|Any CPU
		{7DF22C47-A576-4F2B-BBB1-5C8491130614}.Release|Any CPU.ActiveCfg = Release|Any CPU
		{7DF22C47-A576-4F2B-BBB1-5C8491130614}.Release|Any CPU.Build.0 = Release|Any CPU
	EndGlobalSection
	GlobalSection(SolutionProperties) = preSolution
		HideSolutionNode = FALSE
	EndGlobalSection
	GlobalSection(NestedProjects) = preSolution
		{7EE71E4D-6E3A-41A4-8BFA-C97315083DC4} = {389B1709-C73B-414B-9913-258819024B76}
		{7E2E75B9-4363-4105-AD1C-ECAA3780D37B} = {389B1709-C73B-414B-9913-258819024B76}
		{9F0BF03A-F4FE-42BF-A93C-BE9B4F24AC0F} = {389B1709-C73B-414B-9913-258819024B76}
		{F304679B-D88F-47C4-847A-A1BBBC5C2DB1} = {7EE71E4D-6E3A-41A4-8BFA-C97315083DC4}
		{DCB7F722-A469-4AC2-9179-C1F190442B1D} = {7E2E75B9-4363-4105-AD1C-ECAA3780D37B}
		{7DF22C47-A576-4F2B-BBB1-5C8491130614} = {7E2E75B9-4363-4105-AD1C-ECAA3780D37B}
	EndGlobalSection
EndGlobal
