
Microsoft Visual Studio Solution File, Format Version 11.00
# Visual Studio 2010
Project("{FAE04EC0-301F-11D3-BF4B-00C04F79EFBC}") = "Juntos.Model", "Model\Juntos.Model.csproj", "{B1E0C843-EEB5-47FD-B3C9-8EE587EC4205}"
EndProject
Project("{FAE04EC0-301F-11D3-BF4B-00C04F79EFBC}") = "Juntos.IRepository", "IRepository\Juntos.IRepository.csproj", "{BC248CDA-587D-4DF5-9FB0-7D41B8B5FDCC}"
EndProject
Project("{FAE04EC0-301F-11D3-BF4B-00C04F79EFBC}") = "Juntos.IDAL", "IDAL\Juntos.IDAL.csproj", "{9A7FAC96-74EA-432A-93E7-33FE1563B5A3}"
EndProject
Project("{FAE04EC0-301F-11D3-BF4B-00C04F79EFBC}") = "Juntos.DAL.Provider.EntityFramework", "DAL\Provider\EntityFramework\Juntos.DAL.Provider.EntityFramework.csproj", "{E6AA5350-51F4-444C-8F4B-81CEE9300152}"
EndProject
Project("{FAE04EC0-301F-11D3-BF4B-00C04F79EFBC}") = "Juntos.Repository", "Repository\Juntos.Repository.csproj", "{F065FA50-705B-4EF1-A4BA-3EC59C7ED9C9}"
EndProject
Project("{FAE04EC0-301F-11D3-BF4B-00C04F79EFBC}") = "Juntos.IService", "IService\Juntos.IService.csproj", "{DCE9F905-B8F9-43D8-9A04-2BA073946FC7}"
EndProject
Project("{FAE04EC0-301F-11D3-BF4B-00C04F79EFBC}") = "Juntos.Service", "Service\Juntos.Service.csproj", "{53A72DBB-9341-4391-AABB-6BB913E56DF9}"
EndProject
Project("{FAE04EC0-301F-11D3-BF4B-00C04F79EFBC}") = "Juntos.ConsoleApp", "ConsoleApp\Juntos.ConsoleApp.csproj", "{C9020A8A-65C1-427D-BC1C-E9D3E0C46CCA}"
EndProject
Project("{FAE04EC0-301F-11D3-BF4B-00C04F79EFBC}") = "Framework", "Framework\Framework.csproj", "{561F133F-D269-4E2E-A692-56916C87C2FE}"
EndProject
Project("{2150E333-8FDC-42A3-9474-1A3956D46DE8}") = "Aplicação", "Aplicação", "{A187938B-A5C5-4254-AF1E-B6683587AB72}"
EndProject
Project("{2150E333-8FDC-42A3-9474-1A3956D46DE8}") = "Arquitetura", "Arquitetura", "{D9F8B25A-C810-46CF-B9C5-93A2BD3D7519}"
EndProject
Project("{2150E333-8FDC-42A3-9474-1A3956D46DE8}") = "Infraestrutura", "Infraestrutura", "{1B80AD2F-FB8F-443A-A98F-3483E564B771}"
EndProject
Project("{2150E333-8FDC-42A3-9474-1A3956D46DE8}") = "Domínio", "Domínio", "{4673A362-ADE1-459E-B437-29B176384A2B}"
EndProject
Project("{2150E333-8FDC-42A3-9474-1A3956D46DE8}") = "Apresentação", "Apresentação", "{FD1BD8A3-D5C4-4707-90DB-14DBD9F5DBDC}"
EndProject
Global
	GlobalSection(SolutionConfigurationPlatforms) = preSolution
		Debug|Any CPU = Debug|Any CPU
		Debug|Mixed Platforms = Debug|Mixed Platforms
		Debug|x86 = Debug|x86
		Release|Any CPU = Release|Any CPU
		Release|Mixed Platforms = Release|Mixed Platforms
		Release|x86 = Release|x86
	EndGlobalSection
	GlobalSection(ProjectConfigurationPlatforms) = postSolution
		{B1E0C843-EEB5-47FD-B3C9-8EE587EC4205}.Debug|Any CPU.ActiveCfg = Debug|Any CPU
		{B1E0C843-EEB5-47FD-B3C9-8EE587EC4205}.Debug|Any CPU.Build.0 = Debug|Any CPU
		{B1E0C843-EEB5-47FD-B3C9-8EE587EC4205}.Debug|Mixed Platforms.ActiveCfg = Debug|Any CPU
		{B1E0C843-EEB5-47FD-B3C9-8EE587EC4205}.Debug|Mixed Platforms.Build.0 = Debug|Any CPU
		{B1E0C843-EEB5-47FD-B3C9-8EE587EC4205}.Debug|x86.ActiveCfg = Debug|Any CPU
		{B1E0C843-EEB5-47FD-B3C9-8EE587EC4205}.Release|Any CPU.ActiveCfg = Release|Any CPU
		{B1E0C843-EEB5-47FD-B3C9-8EE587EC4205}.Release|Any CPU.Build.0 = Release|Any CPU
		{B1E0C843-EEB5-47FD-B3C9-8EE587EC4205}.Release|Mixed Platforms.ActiveCfg = Release|Any CPU
		{B1E0C843-EEB5-47FD-B3C9-8EE587EC4205}.Release|Mixed Platforms.Build.0 = Release|Any CPU
		{B1E0C843-EEB5-47FD-B3C9-8EE587EC4205}.Release|x86.ActiveCfg = Release|Any CPU
		{BC248CDA-587D-4DF5-9FB0-7D41B8B5FDCC}.Debug|Any CPU.ActiveCfg = Debug|Any CPU
		{BC248CDA-587D-4DF5-9FB0-7D41B8B5FDCC}.Debug|Any CPU.Build.0 = Debug|Any CPU
		{BC248CDA-587D-4DF5-9FB0-7D41B8B5FDCC}.Debug|Mixed Platforms.ActiveCfg = Debug|Any CPU
		{BC248CDA-587D-4DF5-9FB0-7D41B8B5FDCC}.Debug|Mixed Platforms.Build.0 = Debug|Any CPU
		{BC248CDA-587D-4DF5-9FB0-7D41B8B5FDCC}.Debug|x86.ActiveCfg = Debug|Any CPU
		{BC248CDA-587D-4DF5-9FB0-7D41B8B5FDCC}.Release|Any CPU.ActiveCfg = Release|Any CPU
		{BC248CDA-587D-4DF5-9FB0-7D41B8B5FDCC}.Release|Any CPU.Build.0 = Release|Any CPU
		{BC248CDA-587D-4DF5-9FB0-7D41B8B5FDCC}.Release|Mixed Platforms.ActiveCfg = Release|Any CPU
		{BC248CDA-587D-4DF5-9FB0-7D41B8B5FDCC}.Release|Mixed Platforms.Build.0 = Release|Any CPU
		{BC248CDA-587D-4DF5-9FB0-7D41B8B5FDCC}.Release|x86.ActiveCfg = Release|Any CPU
		{9A7FAC96-74EA-432A-93E7-33FE1563B5A3}.Debug|Any CPU.ActiveCfg = Debug|Any CPU
		{9A7FAC96-74EA-432A-93E7-33FE1563B5A3}.Debug|Any CPU.Build.0 = Debug|Any CPU
		{9A7FAC96-74EA-432A-93E7-33FE1563B5A3}.Debug|Mixed Platforms.ActiveCfg = Debug|Any CPU
		{9A7FAC96-74EA-432A-93E7-33FE1563B5A3}.Debug|Mixed Platforms.Build.0 = Debug|Any CPU
		{9A7FAC96-74EA-432A-93E7-33FE1563B5A3}.Debug|x86.ActiveCfg = Debug|Any CPU
		{9A7FAC96-74EA-432A-93E7-33FE1563B5A3}.Release|Any CPU.ActiveCfg = Release|Any CPU
		{9A7FAC96-74EA-432A-93E7-33FE1563B5A3}.Release|Any CPU.Build.0 = Release|Any CPU
		{9A7FAC96-74EA-432A-93E7-33FE1563B5A3}.Release|Mixed Platforms.ActiveCfg = Release|Any CPU
		{9A7FAC96-74EA-432A-93E7-33FE1563B5A3}.Release|Mixed Platforms.Build.0 = Release|Any CPU
		{9A7FAC96-74EA-432A-93E7-33FE1563B5A3}.Release|x86.ActiveCfg = Release|Any CPU
		{E6AA5350-51F4-444C-8F4B-81CEE9300152}.Debug|Any CPU.ActiveCfg = Debug|Any CPU
		{E6AA5350-51F4-444C-8F4B-81CEE9300152}.Debug|Any CPU.Build.0 = Debug|Any CPU
		{E6AA5350-51F4-444C-8F4B-81CEE9300152}.Debug|Mixed Platforms.ActiveCfg = Debug|Any CPU
		{E6AA5350-51F4-444C-8F4B-81CEE9300152}.Debug|Mixed Platforms.Build.0 = Debug|Any CPU
		{E6AA5350-51F4-444C-8F4B-81CEE9300152}.Debug|x86.ActiveCfg = Debug|Any CPU
		{E6AA5350-51F4-444C-8F4B-81CEE9300152}.Release|Any CPU.ActiveCfg = Release|Any CPU
		{E6AA5350-51F4-444C-8F4B-81CEE9300152}.Release|Any CPU.Build.0 = Release|Any CPU
		{E6AA5350-51F4-444C-8F4B-81CEE9300152}.Release|Mixed Platforms.ActiveCfg = Release|Any CPU
		{E6AA5350-51F4-444C-8F4B-81CEE9300152}.Release|Mixed Platforms.Build.0 = Release|Any CPU
		{E6AA5350-51F4-444C-8F4B-81CEE9300152}.Release|x86.ActiveCfg = Release|Any CPU
		{F065FA50-705B-4EF1-A4BA-3EC59C7ED9C9}.Debug|Any CPU.ActiveCfg = Debug|Any CPU
		{F065FA50-705B-4EF1-A4BA-3EC59C7ED9C9}.Debug|Any CPU.Build.0 = Debug|Any CPU
		{F065FA50-705B-4EF1-A4BA-3EC59C7ED9C9}.Debug|Mixed Platforms.ActiveCfg = Debug|Any CPU
		{F065FA50-705B-4EF1-A4BA-3EC59C7ED9C9}.Debug|Mixed Platforms.Build.0 = Debug|Any CPU
		{F065FA50-705B-4EF1-A4BA-3EC59C7ED9C9}.Debug|x86.ActiveCfg = Debug|Any CPU
		{F065FA50-705B-4EF1-A4BA-3EC59C7ED9C9}.Release|Any CPU.ActiveCfg = Release|Any CPU
		{F065FA50-705B-4EF1-A4BA-3EC59C7ED9C9}.Release|Any CPU.Build.0 = Release|Any CPU
		{F065FA50-705B-4EF1-A4BA-3EC59C7ED9C9}.Release|Mixed Platforms.ActiveCfg = Release|Any CPU
		{F065FA50-705B-4EF1-A4BA-3EC59C7ED9C9}.Release|Mixed Platforms.Build.0 = Release|Any CPU
		{F065FA50-705B-4EF1-A4BA-3EC59C7ED9C9}.Release|x86.ActiveCfg = Release|Any CPU
		{DCE9F905-B8F9-43D8-9A04-2BA073946FC7}.Debug|Any CPU.ActiveCfg = Debug|Any CPU
		{DCE9F905-B8F9-43D8-9A04-2BA073946FC7}.Debug|Any CPU.Build.0 = Debug|Any CPU
		{DCE9F905-B8F9-43D8-9A04-2BA073946FC7}.Debug|Mixed Platforms.ActiveCfg = Debug|Any CPU
		{DCE9F905-B8F9-43D8-9A04-2BA073946FC7}.Debug|Mixed Platforms.Build.0 = Debug|Any CPU
		{DCE9F905-B8F9-43D8-9A04-2BA073946FC7}.Debug|x86.ActiveCfg = Debug|Any CPU
		{DCE9F905-B8F9-43D8-9A04-2BA073946FC7}.Release|Any CPU.ActiveCfg = Release|Any CPU
		{DCE9F905-B8F9-43D8-9A04-2BA073946FC7}.Release|Any CPU.Build.0 = Release|Any CPU
		{DCE9F905-B8F9-43D8-9A04-2BA073946FC7}.Release|Mixed Platforms.ActiveCfg = Release|Any CPU
		{DCE9F905-B8F9-43D8-9A04-2BA073946FC7}.Release|Mixed Platforms.Build.0 = Release|Any CPU
		{DCE9F905-B8F9-43D8-9A04-2BA073946FC7}.Release|x86.ActiveCfg = Release|Any CPU
		{53A72DBB-9341-4391-AABB-6BB913E56DF9}.Debug|Any CPU.ActiveCfg = Debug|Any CPU
		{53A72DBB-9341-4391-AABB-6BB913E56DF9}.Debug|Any CPU.Build.0 = Debug|Any CPU
		{53A72DBB-9341-4391-AABB-6BB913E56DF9}.Debug|Mixed Platforms.ActiveCfg = Debug|Any CPU
		{53A72DBB-9341-4391-AABB-6BB913E56DF9}.Debug|Mixed Platforms.Build.0 = Debug|Any CPU
		{53A72DBB-9341-4391-AABB-6BB913E56DF9}.Debug|x86.ActiveCfg = Debug|Any CPU
		{53A72DBB-9341-4391-AABB-6BB913E56DF9}.Release|Any CPU.ActiveCfg = Release|Any CPU
		{53A72DBB-9341-4391-AABB-6BB913E56DF9}.Release|Any CPU.Build.0 = Release|Any CPU
		{53A72DBB-9341-4391-AABB-6BB913E56DF9}.Release|Mixed Platforms.ActiveCfg = Release|Any CPU
		{53A72DBB-9341-4391-AABB-6BB913E56DF9}.Release|Mixed Platforms.Build.0 = Release|Any CPU
		{53A72DBB-9341-4391-AABB-6BB913E56DF9}.Release|x86.ActiveCfg = Release|Any CPU
		{C9020A8A-65C1-427D-BC1C-E9D3E0C46CCA}.Debug|Any CPU.ActiveCfg = Debug|x86
		{C9020A8A-65C1-427D-BC1C-E9D3E0C46CCA}.Debug|Mixed Platforms.ActiveCfg = Debug|x86
		{C9020A8A-65C1-427D-BC1C-E9D3E0C46CCA}.Debug|Mixed Platforms.Build.0 = Debug|x86
		{C9020A8A-65C1-427D-BC1C-E9D3E0C46CCA}.Debug|x86.ActiveCfg = Debug|x86
		{C9020A8A-65C1-427D-BC1C-E9D3E0C46CCA}.Debug|x86.Build.0 = Debug|x86
		{C9020A8A-65C1-427D-BC1C-E9D3E0C46CCA}.Release|Any CPU.ActiveCfg = Release|x86
		{C9020A8A-65C1-427D-BC1C-E9D3E0C46CCA}.Release|Mixed Platforms.ActiveCfg = Release|x86
		{C9020A8A-65C1-427D-BC1C-E9D3E0C46CCA}.Release|Mixed Platforms.Build.0 = Release|x86
		{C9020A8A-65C1-427D-BC1C-E9D3E0C46CCA}.Release|x86.ActiveCfg = Release|x86
		{C9020A8A-65C1-427D-BC1C-E9D3E0C46CCA}.Release|x86.Build.0 = Release|x86
		{561F133F-D269-4E2E-A692-56916C87C2FE}.Debug|Any CPU.ActiveCfg = Debug|Any CPU
		{561F133F-D269-4E2E-A692-56916C87C2FE}.Debug|Any CPU.Build.0 = Debug|Any CPU
		{561F133F-D269-4E2E-A692-56916C87C2FE}.Debug|Mixed Platforms.ActiveCfg = Debug|Any CPU
		{561F133F-D269-4E2E-A692-56916C87C2FE}.Debug|Mixed Platforms.Build.0 = Debug|Any CPU
		{561F133F-D269-4E2E-A692-56916C87C2FE}.Debug|x86.ActiveCfg = Debug|Any CPU
		{561F133F-D269-4E2E-A692-56916C87C2FE}.Release|Any CPU.ActiveCfg = Release|Any CPU
		{561F133F-D269-4E2E-A692-56916C87C2FE}.Release|Any CPU.Build.0 = Release|Any CPU
		{561F133F-D269-4E2E-A692-56916C87C2FE}.Release|Mixed Platforms.ActiveCfg = Release|Any CPU
		{561F133F-D269-4E2E-A692-56916C87C2FE}.Release|Mixed Platforms.Build.0 = Release|Any CPU
		{561F133F-D269-4E2E-A692-56916C87C2FE}.Release|x86.ActiveCfg = Release|Any CPU
	EndGlobalSection
	GlobalSection(SolutionProperties) = preSolution
		HideSolutionNode = FALSE
	EndGlobalSection
	GlobalSection(NestedProjects) = preSolution
		{DCE9F905-B8F9-43D8-9A04-2BA073946FC7} = {A187938B-A5C5-4254-AF1E-B6683587AB72}
		{53A72DBB-9341-4391-AABB-6BB913E56DF9} = {A187938B-A5C5-4254-AF1E-B6683587AB72}
		{561F133F-D269-4E2E-A692-56916C87C2FE} = {D9F8B25A-C810-46CF-B9C5-93A2BD3D7519}
		{9A7FAC96-74EA-432A-93E7-33FE1563B5A3} = {1B80AD2F-FB8F-443A-A98F-3483E564B771}
		{E6AA5350-51F4-444C-8F4B-81CEE9300152} = {1B80AD2F-FB8F-443A-A98F-3483E564B771}
		{B1E0C843-EEB5-47FD-B3C9-8EE587EC4205} = {4673A362-ADE1-459E-B437-29B176384A2B}
		{BC248CDA-587D-4DF5-9FB0-7D41B8B5FDCC} = {4673A362-ADE1-459E-B437-29B176384A2B}
		{F065FA50-705B-4EF1-A4BA-3EC59C7ED9C9} = {4673A362-ADE1-459E-B437-29B176384A2B}
		{C9020A8A-65C1-427D-BC1C-E9D3E0C46CCA} = {FD1BD8A3-D5C4-4707-90DB-14DBD9F5DBDC}
	EndGlobalSection
EndGlobal
